
Microsoft Visual Studio Solution File, Format Version 11.00
# Visual Studio 2010
Project("{CC5FD16D-436D-48AD-A40C-5A424C6E3E79}") = "BooksVisualInfoCloud", "BooksVisualInfoCloud\BooksVisualInfoCloud.ccproj", "{94F2E85C-AB65-4E8F-85CB-BC72CCA68B0D}"
EndProject
Project("{FAE04EC0-301F-11D3-BF4B-00C04F79EFBC}") = "BookVisualInfoWeb", "BookVisualInfoWeb\BookVisualInfoWeb.csproj", "{7EDCFD80-D597-49CE-8536-4F184EDF30E4}"
EndProject
Project("{FAE04EC0-301F-11D3-BF4B-00C04F79EFBC}") = "UnitTests", "UnitTests\UnitTests.csproj", "{88F443D2-086D-4287-B474-8C9AB9828339}"
EndProject
Global
	GlobalSection(SolutionConfigurationPlatforms) = preSolution
		Debug|Any CPU = Debug|Any CPU
		Release|Any CPU = Release|Any CPU
	EndGlobalSection
	GlobalSection(ProjectConfigurationPlatforms) = postSolution
		{94F2E85C-AB65-4E8F-85CB-BC72CCA68B0D}.Debug|Any CPU.ActiveCfg = Debug|Any CPU
		{94F2E85C-AB65-4E8F-85CB-BC72CCA68B0D}.Debug|Any CPU.Build.0 = Debug|Any CPU
		{94F2E85C-AB65-4E8F-85CB-BC72CCA68B0D}.Release|Any CPU.ActiveCfg = Release|Any CPU
		{94F2E85C-AB65-4E8F-85CB-BC72CCA68B0D}.Release|Any CPU.Build.0 = Release|Any CPU
		{7EDCFD80-D597-49CE-8536-4F184EDF30E4}.Debug|Any CPU.ActiveCfg = Debug|Any CPU
		{7EDCFD80-D597-49CE-8536-4F184EDF30E4}.Debug|Any CPU.Build.0 = Debug|Any CPU
		{7EDCFD80-D597-49CE-8536-4F184EDF30E4}.Release|Any CPU.ActiveCfg = Release|Any CPU
		{7EDCFD80-D597-49CE-8536-4F184EDF30E4}.Release|Any CPU.Build.0 = Release|Any CPU
		{88F443D2-086D-4287-B474-8C9AB9828339}.Debug|Any CPU.ActiveCfg = Debug|Any CPU
		{88F443D2-086D-4287-B474-8C9AB9828339}.Debug|Any CPU.Build.0 = Debug|Any CPU
		{88F443D2-086D-4287-B474-8C9AB9828339}.Release|Any CPU.ActiveCfg = Release|Any CPU
		{88F443D2-086D-4287-B474-8C9AB9828339}.Release|Any CPU.Build.0 = Release|Any CPU
	EndGlobalSection
	GlobalSection(SolutionProperties) = preSolution
		HideSolutionNode = FALSE
	EndGlobalSection
EndGlobal
